// !$*UTF8*$!
{
	archiveVersion = 1;
	classes = {
	};
	objectVersion = 56;
	objects = {

/* Begin PBXBuildFile section */
		E832CF102BA642DF008A5C33 /* ViewController.swift in Sources */ = {isa = PBXBuildFile; fileRef = E832CF0F2BA642DF008A5C33 /* ViewController.swift */; };
		E8C91ACE2B9A70AD00B72109 /* AppDelegate.swift in Sources */ = {isa = PBXBuildFile; fileRef = E8C91ACD2B9A70AD00B72109 /* AppDelegate.swift */; };
		E8C91AD02B9A70AD00B72109 /* SceneDelegate.swift in Sources */ = {isa = PBXBuildFile; fileRef = E8C91ACF2B9A70AD00B72109 /* SceneDelegate.swift */; };
		E8C91AD22B9A70AD00B72109 /* AttendanceVC.swift in Sources */ = {isa = PBXBuildFile; fileRef = E8C91AD12B9A70AD00B72109 /* AttendanceVC.swift */; };
		E8C91AD52B9A70AD00B72109 /* Main.storyboard in Resources */ = {isa = PBXBuildFile; fileRef = E8C91AD32B9A70AD00B72109 /* Main.storyboard */; };
		E8C91AD82B9A70AD00B72109 /* Attendance314.xcdatamodeld in Sources */ = {isa = PBXBuildFile; fileRef = E8C91AD62B9A70AD00B72109 /* Attendance314.xcdatamodeld */; };
		E8C91ADA2B9A70B000B72109 /* Assets.xcassets in Resources */ = {isa = PBXBuildFile; fileRef = E8C91AD92B9A70B000B72109 /* Assets.xcassets */; };
		E8C91ADD2B9A70B000B72109 /* LaunchScreen.storyboard in Resources */ = {isa = PBXBuildFile; fileRef = E8C91ADB2B9A70B000B72109 /* LaunchScreen.storyboard */; };
		E8E4BD652BA6341800A3BF72 /* ContentView.swift in Sources */ = {isa = PBXBuildFile; fileRef = E8E4BD642BA6341800A3BF72 /* ContentView.swift */; };
		E8E4BD672BA634A000A3BF72 /* unused.swift in Sources */ = {isa = PBXBuildFile; fileRef = E8E4BD662BA634A000A3BF72 /* unused.swift */; };
/* End PBXBuildFile section */

/* Begin PBXFileReference section */
		E832CF0F2BA642DF008A5C33 /* ViewController.swift */ = {isa = PBXFileReference; lastKnownFileType = sourcecode.swift; path = ViewController.swift; sourceTree = "<group>"; };
		E8C91ACA2B9A70AD00B72109 /* Attendance314.app */ = {isa = PBXFileReference; explicitFileType = wrapper.application; includeInIndex = 0; path = Attendance314.app; sourceTree = BUILT_PRODUCTS_DIR; };
		E8C91ACD2B9A70AD00B72109 /* AppDelegate.swift */ = {isa = PBXFileReference; lastKnownFileType = sourcecode.swift; path = AppDelegate.swift; sourceTree = "<group>"; };
		E8C91ACF2B9A70AD00B72109 /* SceneDelegate.swift */ = {isa = PBXFileReference; lastKnownFileType = sourcecode.swift; path = SceneDelegate.swift; sourceTree = "<group>"; };
		E8C91AD12B9A70AD00B72109 /* AttendanceVC.swift */ = {isa = PBXFileReference; lastKnownFileType = sourcecode.swift; path = AttendanceVC.swift; sourceTree = "<group>"; };
		E8C91AD42B9A70AD00B72109 /* Base */ = {isa = PBXFileReference; lastKnownFileType = file.storyboard; name = Base; path = Base.lproj/Main.storyboard; sourceTree = "<group>"; };
		E8C91AD72B9A70AD00B72109 /* Attendance314.xcdatamodel */ = {isa = PBXFileReference; lastKnownFileType = wrapper.xcdatamodel; path = Attendance314.xcdatamodel; sourceTree = "<group>"; };
		E8C91AD92B9A70B000B72109 /* Assets.xcassets */ = {isa = PBXFileReference; lastKnownFileType = folder.assetcatalog; path = Assets.xcassets; sourceTree = "<group>"; };
		E8C91ADC2B9A70B000B72109 /* Base */ = {isa = PBXFileReference; lastKnownFileType = file.storyboard; name = Base; path = Base.lproj/LaunchScreen.storyboard; sourceTree = "<group>"; };
		E8C91ADE2B9A70B000B72109 /* Info.plist */ = {isa = PBXFileReference; lastKnownFileType = text.plist.xml; path = Info.plist; sourceTree = "<group>"; };
		E8E4BD642BA6341800A3BF72 /* ContentView.swift */ = {isa = PBXFileReference; lastKnownFileType = sourcecode.swift; path = ContentView.swift; sourceTree = "<group>"; };
		E8E4BD662BA634A000A3BF72 /* unused.swift */ = {isa = PBXFileReference; lastKnownFileType = sourcecode.swift; path = unused.swift; sourceTree = "<group>"; };
/* End PBXFileReference section */

/* Begin PBXFrameworksBuildPhase section */
		E8C91AC72B9A70AD00B72109 /* Frameworks */ = {
			isa = PBXFrameworksBuildPhase;
			buildActionMask = 2147483647;
			files = (
			);
			runOnlyForDeploymentPostprocessing = 0;
		};
/* End PBXFrameworksBuildPhase section */

/* Begin PBXGroup section */
		E8C91AC12B9A70AD00B72109 = {
			isa = PBXGroup;
			children = (
				E8C91ACC2B9A70AD00B72109 /* Attendance314 */,
				E8C91ACB2B9A70AD00B72109 /* Products */,
			);
			sourceTree = "<group>";
		};
		E8C91ACB2B9A70AD00B72109 /* Products */ = {
			isa = PBXGroup;
			children = (
				E8C91ACA2B9A70AD00B72109 /* Attendance314.app */,
			);
			name = Products;
			sourceTree = "<group>";
		};
		E8C91ACC2B9A70AD00B72109 /* Attendance314 */ = {
			isa = PBXGroup;
			children = (
				E8C91ACD2B9A70AD00B72109 /* AppDelegate.swift */,
				E8C91ACF2B9A70AD00B72109 /* SceneDelegate.swift */,
				E8C91AD12B9A70AD00B72109 /* AttendanceVC.swift */,
				E8C91AD32B9A70AD00B72109 /* Main.storyboard */,
				E8C91AD92B9A70B000B72109 /* Assets.xcassets */,
				E8C91ADB2B9A70B000B72109 /* LaunchScreen.storyboard */,
				E8C91ADE2B9A70B000B72109 /* Info.plist */,
				E8C91AD62B9A70AD00B72109 /* Attendance314.xcdatamodeld */,
				E8E4BD642BA6341800A3BF72 /* ContentView.swift */,
				E8E4BD662BA634A000A3BF72 /* unused.swift */,
				E832CF0F2BA642DF008A5C33 /* ViewController.swift */,
			);
			path = Attendance314;
			sourceTree = "<group>";
		};
/* End PBXGroup section */

/* Begin PBXNativeTarget section */
		E8C91AC92B9A70AD00B72109 /* Attendance314 */ = {
			isa = PBXNativeTarget;
			buildConfigurationList = E8C91AE12B9A70B000B72109 /* Build configuration list for PBXNativeTarget "Attendance314" */;
			buildPhases = (
				E8C91AC62B9A70AD00B72109 /* Sources */,
				E8C91AC72B9A70AD00B72109 /* Frameworks */,
				E8C91AC82B9A70AD00B72109 /* Resources */,
			);
			buildRules = (
			);
			dependencies = (
			);
			name = Attendance314;
			productName = Attendance314;
			productReference = E8C91ACA2B9A70AD00B72109 /* Attendance314.app */;
			productType = "com.apple.product-type.application";
		};
/* End PBXNativeTarget section */

/* Begin PBXProject section */
		E8C91AC22B9A70AD00B72109 /* Project object */ = {
			isa = PBXProject;
			attributes = {
				BuildIndependentTargetsInParallel = 1;
				LastSwiftUpdateCheck = 1520;
				LastUpgradeCheck = 1520;
				TargetAttributes = {
					E8C91AC92B9A70AD00B72109 = {
						CreatedOnToolsVersion = 15.2;
					};
				};
			};
			buildConfigurationList = E8C91AC52B9A70AD00B72109 /* Build configuration list for PBXProject "Attendance314" */;
			compatibilityVersion = "Xcode 14.0";
			developmentRegion = en;
			hasScannedForEncodings = 0;
			knownRegions = (
				en,
				Base,
			);
			mainGroup = E8C91AC12B9A70AD00B72109;
			productRefGroup = E8C91ACB2B9A70AD00B72109 /* Products */;
			projectDirPath = "";
			projectRoot = "";
			targets = (
				E8C91AC92B9A70AD00B72109 /* Attendance314 */,
			);
		};
/* End PBXProject section */

/* Begin PBXResourcesBuildPhase section */
		E8C91AC82B9A70AD00B72109 /* Resources */ = {
			isa = PBXResourcesBuildPhase;
			buildActionMask = 2147483647;
			files = (
				E8C91ADD2B9A70B000B72109 /* LaunchScreen.storyboard in Resources */,
				E8C91ADA2B9A70B000B72109 /* Assets.xcassets in Resources */,
				E8C91AD52B9A70AD00B72109 /* Main.storyboard in Resources */,
			);
			runOnlyForDeploymentPostprocessing = 0;
		};
/* End PBXResourcesBuildPhase section */

/* Begin PBXSourcesBuildPhase section */
		E8C91AC62B9A70AD00B72109 /* Sources */ = {
			isa = PBXSourcesBuildPhase;
			buildActionMask = 2147483647;
			files = (
				E8C91AD22B9A70AD00B72109 /* AttendanceVC.swift in Sources */,
				E8E4BD672BA634A000A3BF72 /* unused.swift in Sources */,
				E8E4BD652BA6341800A3BF72 /* ContentView.swift in Sources */,
				E8C91AD82B9A70AD00B72109 /* Attendance314.xcdatamodeld in Sources */,
				E832CF102BA642DF008A5C33 /* ViewController.swift in Sources */,
				E8C91ACE2B9A70AD00B72109 /* AppDelegate.swift in Sources */,
				E8C91AD02B9A70AD00B72109 /* SceneDelegate.swift in Sources */,
			);
			runOnlyForDeploymentPostprocessing = 0;
		};
/* End PBXSourcesBuildPhase section */

/* Begin PBXVariantGroup section */
		E8C91AD32B9A70AD00B72109 /* Main.storyboard */ = {
			isa = PBXVariantGroup;
			children = (
				E8C91AD42B9A70AD00B72109 /* Base */,
			);
			name = Main.storyboard;
			sourceTree = "<group>";
		};
		E8C91ADB2B9A70B000B72109 /* LaunchScreen.storyboard */ = {
			isa = PBXVariantGroup;
			children = (
				E8C91ADC2B9A70B000B72109 /* Base */,
			);
			name = LaunchScreen.storyboard;
			sourceTree = "<group>";
		};
/* End PBXVariantGroup section */

/* Begin XCBuildConfiguration section */
		E8C91ADF2B9A70B000B72109 /* Debug */ = {
			isa = XCBuildConfiguration;
			buildSettings = {
				ALWAYS_SEARCH_USER_PATHS = NO;
				ASSETCATALOG_COMPILER_GENERATE_SWIFT_ASSET_SYMBOL_EXTENSIONS = YES;
				CLANG_ANALYZER_NONNULL = YES;
				CLANG_ANALYZER_NUMBER_OBJECT_CONVERSION = YES_AGGRESSIVE;
				CLANG_CXX_LANGUAGE_STANDARD = "gnu++20";
				CLANG_ENABLE_MODULES = YES;
				CLANG_ENABLE_OBJC_ARC = YES;
				CLANG_ENABLE_OBJC_WEAK = YES;
				CLANG_WARN_BLOCK_CAPTURE_AUTORELEASING = YES;
				CLANG_WARN_BOOL_CONVERSION = YES;
				CLANG_WARN_COMMA = YES;
				CLANG_WARN_CONSTANT_CONVERSION = YES;
				CLANG_WARN_DEPRECATED_OBJC_IMPLEMENTATIONS = YES;
				CLANG_WARN_DIRECT_OBJC_ISA_USAGE = YES_ERROR;
				CLANG_WARN_DOCUMENTATION_COMMENTS = YES;
				CLANG_WARN_EMPTY_BODY = YES;
				CLANG_WARN_ENUM_CONVERSION = YES;
				CLANG_WARN_INFINITE_RECURSION = YES;
				CLANG_WARN_INT_CONVERSION = YES;
				CLANG_WARN_NON_LITERAL_NULL_CONVERSION = YES;
				CLANG_WARN_OBJC_IMPLICIT_RETAIN_SELF = YES;
				CLANG_WARN_OBJC_LITERAL_CONVERSION = YES;
				CLANG_WARN_OBJC_ROOT_CLASS = YES_ERROR;
				CLANG_WARN_QUOTED_INCLUDE_IN_FRAMEWORK_HEADER = YES;
				CLANG_WARN_RANGE_LOOP_ANALYSIS = YES;
				CLANG_WARN_STRICT_PROTOTYPES = YES;
				CLANG_WARN_SUSPICIOUS_MOVE = YES;
				CLANG_WARN_UNGUARDED_AVAILABILITY = YES_AGGRESSIVE;
				CLANG_WARN_UNREACHABLE_CODE = YES;
				CLANG_WARN__DUPLICATE_METHOD_MATCH = YES;
				COPY_PHASE_STRIP = NO;
				DEBUG_INFORMATION_FORMAT = dwarf;
				ENABLE_STRICT_OBJC_MSGSEND = YES;
				ENABLE_TESTABILITY = YES;
				ENABLE_USER_SCRIPT_SANDBOXING = YES;
				GCC_C_LANGUAGE_STANDARD = gnu17;
				GCC_DYNAMIC_NO_PIC = NO;
				GCC_NO_COMMON_BLOCKS = YES;
				GCC_OPTIMIZATION_LEVEL = 0;
				GCC_PREPROCESSOR_DEFINITIONS = (
					"DEBUG=1",
					"$(inherited)",
				);
				GCC_WARN_64_TO_32_BIT_CONVERSION = YES;
				GCC_WARN_ABOUT_RETURN_TYPE = YES_ERROR;
				GCC_WARN_UNDECLARED_SELECTOR = YES;
				GCC_WARN_UNINITIALIZED_AUTOS = YES_AGGRESSIVE;
				GCC_WARN_UNUSED_FUNCTION = YES;
				GCC_WARN_UNUSED_VARIABLE = YES;
				IPHONEOS_DEPLOYMENT_TARGET = 17.2;
				LOCALIZATION_PREFERS_STRING_CATALOGS = YES;
				MTL_ENABLE_DEBUG_INFO = INCLUDE_SOURCE;
				MTL_FAST_MATH = YES;
				ONLY_ACTIVE_ARCH = YES;
				SDKROOT = iphoneos;
				SWIFT_ACTIVE_COMPILATION_CONDITIONS = "DEBUG $(inherited)";
				SWIFT_OPTIMIZATION_LEVEL = "-Onone";
			};
			name = Debug;
		};
		E8C91AE02B9A70B000B72109 /* Release */ = {
			isa = XCBuildConfiguration;
			buildSettings = {
				ALWAYS_SEARCH_USER_PATHS = NO;
				ASSETCATALOG_COMPILER_GENERATE_SWIFT_ASSET_SYMBOL_EXTENSIONS = YES;
				CLANG_ANALYZER_NONNULL = YES;
				CLANG_ANALYZER_NUMBER_OBJECT_CONVERSION = YES_AGGRESSIVE;
				CLANG_CXX_LANGUAGE_STANDARD = "gnu++20";
				CLANG_ENABLE_MODULES = YES;
				CLANG_ENABLE_OBJC_ARC = YES;
				CLANG_ENABLE_OBJC_WEAK = YES;
				CLANG_WARN_BLOCK_CAPTURE_AUTORELEASING = YES;
				CLANG_WARN_BOOL_CONVERSION = YES;
				CLANG_WARN_COMMA = YES;
				CLANG_WARN_CONSTANT_CONVERSION = YES;
				CLANG_WARN_DEPRECATED_OBJC_IMPLEMENTATIONS = YES;
				CLANG_WARN_DIRECT_OBJC_ISA_USAGE = YES_ERROR;
				CLANG_WARN_DOCUMENTATION_COMMENTS = YES;
				CLANG_WARN_EMPTY_BODY = YES;
				CLANG_WARN_ENUM_CONVERSION = YES;
				CLANG_WARN_INFINITE_RECURSION = YES;
				CLANG_WARN_INT_CONVERSION = YES;
				CLANG_WARN_NON_LITERAL_NULL_CONVERSION = YES;
				CLANG_WARN_OBJC_IMPLICIT_RETAIN_SELF = YES;
				CLANG_WARN_OBJC_LITERAL_CONVERSION = YES;
				CLANG_WARN_OBJC_ROOT_CLASS = YES_ERROR;
				CLANG_WARN_QUOTED_INCLUDE_IN_FRAMEWORK_HEADER = YES;
				CLANG_WARN_RANGE_LOOP_ANALYSIS = YES;
				CLANG_WARN_STRICT_PROTOTYPES = YES;
				CLANG_WARN_SUSPICIOUS_MOVE = YES;
				CLANG_WARN_UNGUARDED_AVAILABILITY = YES_AGGRESSIVE;
				CLANG_WARN_UNREACHABLE_CODE = YES;
				CLANG_WARN__DUPLICATE_METHOD_MATCH = YES;
				COPY_PHASE_STRIP = NO;
				DEBUG_INFORMATION_FORMAT = "dwarf-with-dsym";
				ENABLE_NS_ASSERTIONS = NO;
				ENABLE_STRICT_OBJC_MSGSEND = YES;
				ENABLE_USER_SCRIPT_SANDBOXING = YES;
				GCC_C_LANGUAGE_STANDARD = gnu17;
				GCC_NO_COMMON_BLOCKS = YES;
				GCC_WARN_64_TO_32_BIT_CONVERSION = YES;
				GCC_WARN_ABOUT_RETURN_TYPE = YES_ERROR;
				GCC_WARN_UNDECLARED_SELECTOR = YES;
				GCC_WARN_UNINITIALIZED_AUTOS = YES_AGGRESSIVE;
				GCC_WARN_UNUSED_FUNCTION = YES;
				GCC_WARN_UNUSED_VARIABLE = YES;
				IPHONEOS_DEPLOYMENT_TARGET = 17.2;
				LOCALIZATION_PREFERS_STRING_CATALOGS = YES;
				MTL_ENABLE_DEBUG_INFO = NO;
				MTL_FAST_MATH = YES;
				SDKROOT = iphoneos;
				SWIFT_COMPILATION_MODE = wholemodule;
				VALIDATE_PRODUCT = YES;
			};
			name = Release;
		};
		E8C91AE22B9A70B000B72109 /* Debug */ = {
			isa = XCBuildConfiguration;
			buildSettings = {
				ASSETCATALOG_COMPILER_APPICON_NAME = AppIcon;
				ASSETCATALOG_COMPILER_GLOBAL_ACCENT_COLOR_NAME = AccentColor;
				CODE_SIGN_STYLE = Automatic;
				CURRENT_PROJECT_VERSION = 1;
				DEVELOPMENT_TEAM = 78J5TMZD28;
				GENERATE_INFOPLIST_FILE = YES;
				INFOPLIST_FILE = Attendance314/Info.plist;
				INFOPLIST_KEY_UIApplicationSupportsIndirectInputEvents = YES;
				INFOPLIST_KEY_UILaunchStoryboardName = LaunchScreen;
				INFOPLIST_KEY_UIMainStoryboardFile = Main;
				INFOPLIST_KEY_UISupportedInterfaceOrientations_iPad = "UIInterfaceOrientationPortrait UIInterfaceOrientationPortraitUpsideDown UIInterfaceOrientationLandscapeLeft UIInterfaceOrientationLandscapeRight";
				INFOPLIST_KEY_UISupportedInterfaceOrientations_iPhone = "UIInterfaceOrientationPortrait UIInterfaceOrientationLandscapeLeft UIInterfaceOrientationLandscapeRight";
				IPHONEOS_DEPLOYMENT_TARGET = 15;
				LD_RUNPATH_SEARCH_PATHS = (
					"$(inherited)",
					"@executable_path/Frameworks",
				);
				MARKETING_VERSION = 1.0;
				PRODUCT_BUNDLE_IDENTIFIER = AraavNayak.Attendance314;
				PRODUCT_NAME = "$(TARGET_NAME)";
				SWIFT_EMIT_LOC_STRINGS = YES;
				SWIFT_VERSION = 5.0;
				TARGETED_DEVICE_FAMILY = "1,2";
			};
			name = Debug;
		};
		E8C91AE32B9A70B000B72109 /* Release */ = {
			isa = XCBuildConfiguration;
			buildSettings = {
				ASSETCATALOG_COMPILER_APPICON_NAME = AppIcon;
				ASSETCATALOG_COMPILER_GLOBAL_ACCENT_COLOR_NAME = AccentColor;
				CODE_SIGN_STYLE = Automatic;
				CURRENT_PROJECT_VERSION = 1;
				DEVELOPMENT_TEAM = 78J5TMZD28;
				GENERATE_INFOPLIST_FILE = YES;
				INFOPLIST_FILE = Attendance314/Info.plist;
				INFOPLIST_KEY_UIApplicationSupportsIndirectInputEvents = YES;
				INFOPLIST_KEY_UILaunchStoryboardName = LaunchScreen;
				INFOPLIST_KEY_UIMainStoryboardFile = Main;
				INFOPLIST_KEY_UISupportedInterfaceOrientations_iPad = "UIInterfaceOrientationPortrait UIInterfaceOrientationPortraitUpsideDown UIInterfaceOrientationLandscapeLeft UIInterfaceOrientationLandscapeRight";
				INFOPLIST_KEY_UISupportedInterfaceOrientations_iPhone = "UIInterfaceOrientationPortrait UIInterfaceOrientationLandscapeLeft UIInterfaceOrientationLandscapeRight";
				IPHONEOS_DEPLOYMENT_TARGET = 15;
				LD_RUNPATH_SEARCH_PATHS = (
					"$(inherited)",
					"@executable_path/Frameworks",
				);
				MARKETING_VERSION = 1.0;
				PRODUCT_BUNDLE_IDENTIFIER = AraavNayak.Attendance314;
				PRODUCT_NAME = "$(TARGET_NAME)";
				SWIFT_EMIT_LOC_STRINGS = YES;
				SWIFT_VERSION = 5.0;
				TARGETED_DEVICE_FAMILY = "1,2";
			};
			name = Release;
		};
/* End XCBuildConfiguration section */

/* Begin XCConfigurationList section */
		E8C91AC52B9A70AD00B72109 /* Build configuration list for PBXProject "Attendance314" */ = {
			isa = XCConfigurationList;
			buildConfigurations = (
				E8C91ADF2B9A70B000B72109 /* Debug */,
				E8C91AE02B9A70B000B72109 /* Release */,
			);
			defaultConfigurationIsVisible = 0;
			defaultConfigurationName = Release;
		};
		E8C91AE12B9A70B000B72109 /* Build configuration list for PBXNativeTarget "Attendance314" */ = {
			isa = XCConfigurationList;
			buildConfigurations = (
				E8C91AE22B9A70B000B72109 /* Debug */,
				E8C91AE32B9A70B000B72109 /* Release */,
			);
			defaultConfigurationIsVisible = 0;
			defaultConfigurationName = Release;
		};
/* End XCConfigurationList section */

/* Begin XCVersionGroup section */
		E8C91AD62B9A70AD00B72109 /* Attendance314.xcdatamodeld */ = {
			isa = XCVersionGroup;
			children = (
				E8C91AD72B9A70AD00B72109 /* Attendance314.xcdatamodel */,
			);
			currentVersion = E8C91AD72B9A70AD00B72109 /* Attendance314.xcdatamodel */;
			path = Attendance314.xcdatamodeld;
			sourceTree = "<group>";
			versionGroupType = wrapper.xcdatamodel;
		};
/* End XCVersionGroup section */
	};
	rootObject = E8C91AC22B9A70AD00B72109 /* Project object */;
}
